
Microsoft Visual Studio Solution File, Format Version 12.00
# Visual Studio Version 16
VisualStudioVersion = 16.0.29609.76
MinimumVisualStudioVersion = 10.0.40219.1
Project("{FAE04EC0-301F-11D3-BF4B-00C04F79EFBC}") = "SolutionsTasksOfCodewars", "SolutionsTasksOfCodewars\SolutionsTasksOfCodewars.csproj", "{E0870444-7AB3-45E8-8BCF-0A11F7DE18C3}"
EndProject
Project("{FAE04EC0-301F-11D3-BF4B-00C04F79EFBC}") = "TestSolutionsTasksOfCodewars", "TestSolutionsTasksOfCodewars\TestSolutionsTasksOfCodewars.csproj", "{A2C0E581-9B6F-4500-8860-D2D818A38F99}"
EndProject
Global
	GlobalSection(SolutionConfigurationPlatforms) = preSolution
		Debug|Any CPU = Debug|Any CPU
		Release|Any CPU = Release|Any CPU
	EndGlobalSection
	GlobalSection(ProjectConfigurationPlatforms) = postSolution
		{E0870444-7AB3-45E8-8BCF-0A11F7DE18C3}.Debug|Any CPU.ActiveCfg = Debug|Any CPU
		{E0870444-7AB3-45E8-8BCF-0A11F7DE18C3}.Debug|Any CPU.Build.0 = Debug|Any CPU
		{E0870444-7AB3-45E8-8BCF-0A11F7DE18C3}.Release|Any CPU.ActiveCfg = Release|Any CPU
		{E0870444-7AB3-45E8-8BCF-0A11F7DE18C3}.Release|Any CPU.Build.0 = Release|Any CPU
		{A2C0E581-9B6F-4500-8860-D2D818A38F99}.Debug|Any CPU.ActiveCfg = Debug|Any CPU
		{A2C0E581-9B6F-4500-8860-D2D818A38F99}.Debug|Any CPU.Build.0 = Debug|Any CPU
		{A2C0E581-9B6F-4500-8860-D2D818A38F99}.Release|Any CPU.ActiveCfg = Release|Any CPU
		{A2C0E581-9B6F-4500-8860-D2D818A38F99}.Release|Any CPU.Build.0 = Release|Any CPU
	EndGlobalSection
	GlobalSection(SolutionProperties) = preSolution
		HideSolutionNode = FALSE
	EndGlobalSection
	GlobalSection(ExtensibilityGlobals) = postSolution
		SolutionGuid = {165FE29E-FB76-466A-A82E-526157FE4C5E}
	EndGlobalSection
EndGlobal
